
Microsoft Visual Studio Solution File, Format Version 12.00
# Visual Studio 14
VisualStudioVersion = 14.0.23107.0
MinimumVisualStudioVersion = 10.0.40219.1
Project("{FAE04EC0-301F-11D3-BF4B-00C04F79EFBC}") = "QuadraticEquations", "Lesson09\QuadraticEquations.csproj", "{11F8CCC2-9A0C-4B05-9D00-80FD725C5EAD}"
EndProject
Project("{FAE04EC0-301F-11D3-BF4B-00C04F79EFBC}") = "FactorialOfANumber", "FactorialOfANumber\FactorialOfANumber.csproj", "{3CB430A8-DDD1-4A0B-A1F0-993DA5A85E4B}"
EndProject
Project("{FAE04EC0-301F-11D3-BF4B-00C04F79EFBC}") = "StringCharacters", "StringCharacters\StringCharacters.csproj", "{5B1D3CF5-74B4-49C0-8EEA-0F0642402236}"
EndProject
Project("{FAE04EC0-301F-11D3-BF4B-00C04F79EFBC}") = "NumberNames", "NumberNames\NumberNames.csproj", "{5C4FF32C-F12A-43ED-A543-258441A22477}"
EndProject
Global
	GlobalSection(SolutionConfigurationPlatforms) = preSolution
		Debug|Any CPU = Debug|Any CPU
		Release|Any CPU = Release|Any CPU
	EndGlobalSection
	GlobalSection(ProjectConfigurationPlatforms) = postSolution
		{11F8CCC2-9A0C-4B05-9D00-80FD725C5EAD}.Debug|Any CPU.ActiveCfg = Debug|Any CPU
		{11F8CCC2-9A0C-4B05-9D00-80FD725C5EAD}.Debug|Any CPU.Build.0 = Debug|Any CPU
		{11F8CCC2-9A0C-4B05-9D00-80FD725C5EAD}.Release|Any CPU.ActiveCfg = Release|Any CPU
		{11F8CCC2-9A0C-4B05-9D00-80FD725C5EAD}.Release|Any CPU.Build.0 = Release|Any CPU
		{3CB430A8-DDD1-4A0B-A1F0-993DA5A85E4B}.Debug|Any CPU.ActiveCfg = Debug|Any CPU
		{3CB430A8-DDD1-4A0B-A1F0-993DA5A85E4B}.Debug|Any CPU.Build.0 = Debug|Any CPU
		{3CB430A8-DDD1-4A0B-A1F0-993DA5A85E4B}.Release|Any CPU.ActiveCfg = Release|Any CPU
		{3CB430A8-DDD1-4A0B-A1F0-993DA5A85E4B}.Release|Any CPU.Build.0 = Release|Any CPU
		{5B1D3CF5-74B4-49C0-8EEA-0F0642402236}.Debug|Any CPU.ActiveCfg = Debug|Any CPU
		{5B1D3CF5-74B4-49C0-8EEA-0F0642402236}.Debug|Any CPU.Build.0 = Debug|Any CPU
		{5B1D3CF5-74B4-49C0-8EEA-0F0642402236}.Release|Any CPU.ActiveCfg = Release|Any CPU
		{5B1D3CF5-74B4-49C0-8EEA-0F0642402236}.Release|Any CPU.Build.0 = Release|Any CPU
		{5C4FF32C-F12A-43ED-A543-258441A22477}.Debug|Any CPU.ActiveCfg = Debug|Any CPU
		{5C4FF32C-F12A-43ED-A543-258441A22477}.Debug|Any CPU.Build.0 = Debug|Any CPU
		{5C4FF32C-F12A-43ED-A543-258441A22477}.Release|Any CPU.ActiveCfg = Release|Any CPU
		{5C4FF32C-F12A-43ED-A543-258441A22477}.Release|Any CPU.Build.0 = Release|Any CPU
	EndGlobalSection
	GlobalSection(SolutionProperties) = preSolution
		HideSolutionNode = FALSE
	EndGlobalSection
EndGlobal
